// !$*UTF8*$!
{
	archiveVersion = 1;
	classes = {
	};
	objectVersion = 51;
	objects = {

/* Begin PBXBuildFile section */
		6170A9EE23A3947B00D0C9D9 /* toNextViewController.swift in Sources */ = {isa = PBXBuildFile; fileRef = 6170A9ED23A3947B00D0C9D9 /* toNextViewController.swift */; };
		6356131023802D7E00F73F3D /* AppDelegate.swift in Sources */ = {isa = PBXBuildFile; fileRef = 6356130F23802D7E00F73F3D /* AppDelegate.swift */; };
		6356131223802D7E00F73F3D /* ViewController.swift in Sources */ = {isa = PBXBuildFile; fileRef = 6356131123802D7E00F73F3D /* ViewController.swift */; };
		6356131523802D7E00F73F3D /* Main.storyboard in Resources */ = {isa = PBXBuildFile; fileRef = 6356131323802D7E00F73F3D /* Main.storyboard */; };
		6356131723802D8000F73F3D /* Assets.xcassets in Resources */ = {isa = PBXBuildFile; fileRef = 6356131623802D8000F73F3D /* Assets.xcassets */; };
		6356131A23802D8000F73F3D /* LaunchScreen.storyboard in Resources */ = {isa = PBXBuildFile; fileRef = 6356131823802D8000F73F3D /* LaunchScreen.storyboard */; };
		6356132223802E0000F73F3D /* SignUpViewController.swift in Sources */ = {isa = PBXBuildFile; fileRef = 6356132123802E0000F73F3D /* SignUpViewController.swift */; };
		6356132423802E6D00F73F3D /* LoginViewController.swift in Sources */ = {isa = PBXBuildFile; fileRef = 6356132323802E6D00F73F3D /* LoginViewController.swift */; };
		6356132623802E7900F73F3D /* HomeViewController.swift in Sources */ = {isa = PBXBuildFile; fileRef = 6356132523802E7900F73F3D /* HomeViewController.swift */; };
		6363E5792383F29900DDB52A /* icon.png in Resources */ = {isa = PBXBuildFile; fileRef = 6363E5782383F29900DDB52A /* icon.png */; };
		63C994412382C60800B0E640 /* Utilities.swift in Sources */ = {isa = PBXBuildFile; fileRef = 63C9943F2382C60800B0E640 /* Utilities.swift */; };
		63C994422382C60800B0E640 /* Constants.swift in Sources */ = {isa = PBXBuildFile; fileRef = 63C994402382C60800B0E640 /* Constants.swift */; };
		63C994452382CE3B00B0E640 /* GoogleService-Info.plist in Resources */ = {isa = PBXBuildFile; fileRef = 63C994442382CE3A00B0E640 /* GoogleService-Info.plist */; };
		63CB2BA42396908D00AC11FF /* AddTaskViewController.swift in Sources */ = {isa = PBXBuildFile; fileRef = 63CB2BA32396908D00AC11FF /* AddTaskViewController.swift */; };
		C31BF4A4A88027C6CE043D26 /* Pods_LoginDemo.framework in Frameworks */ = {isa = PBXBuildFile; fileRef = 57C96F61990C510A6352595E /* Pods_LoginDemo.framework */; };
/* End PBXBuildFile section */

/* Begin PBXFileReference section */
		32D88619B524F07608BFFD9C /* Pods-LoginDemo.release.xcconfig */ = {isa = PBXFileReference; includeInIndex = 1; lastKnownFileType = text.xcconfig; name = "Pods-LoginDemo.release.xcconfig"; path = "Target Support Files/Pods-LoginDemo/Pods-LoginDemo.release.xcconfig"; sourceTree = "<group>"; };
		57C96F61990C510A6352595E /* Pods_LoginDemo.framework */ = {isa = PBXFileReference; explicitFileType = wrapper.framework; includeInIndex = 0; path = Pods_LoginDemo.framework; sourceTree = BUILT_PRODUCTS_DIR; };
		6170A9ED23A3947B00D0C9D9 /* toNextViewController.swift */ = {isa = PBXFileReference; lastKnownFileType = sourcecode.swift; path = toNextViewController.swift; sourceTree = "<group>"; };
		6356130C23802D7E00F73F3D /* LoginDemo.app */ = {isa = PBXFileReference; explicitFileType = wrapper.application; includeInIndex = 0; path = LoginDemo.app; sourceTree = BUILT_PRODUCTS_DIR; };
		6356130F23802D7E00F73F3D /* AppDelegate.swift */ = {isa = PBXFileReference; lastKnownFileType = sourcecode.swift; path = AppDelegate.swift; sourceTree = "<group>"; };
		6356131123802D7E00F73F3D /* ViewController.swift */ = {isa = PBXFileReference; lastKnownFileType = sourcecode.swift; path = ViewController.swift; sourceTree = "<group>"; };
		6356131423802D7E00F73F3D /* Base */ = {isa = PBXFileReference; lastKnownFileType = file.storyboard; name = Base; path = Base.lproj/Main.storyboard; sourceTree = "<group>"; };
		6356131623802D8000F73F3D /* Assets.xcassets */ = {isa = PBXFileReference; lastKnownFileType = folder.assetcatalog; path = Assets.xcassets; sourceTree = "<group>"; };
		6356131923802D8000F73F3D /* Base */ = {isa = PBXFileReference; lastKnownFileType = file.storyboard; name = Base; path = Base.lproj/LaunchScreen.storyboard; sourceTree = "<group>"; };
		6356131B23802D8000F73F3D /* Info.plist */ = {isa = PBXFileReference; lastKnownFileType = text.plist.xml; path = Info.plist; sourceTree = "<group>"; };
		6356132123802E0000F73F3D /* SignUpViewController.swift */ = {isa = PBXFileReference; lastKnownFileType = sourcecode.swift; path = SignUpViewController.swift; sourceTree = "<group>"; };
		6356132323802E6D00F73F3D /* LoginViewController.swift */ = {isa = PBXFileReference; lastKnownFileType = sourcecode.swift; path = LoginViewController.swift; sourceTree = "<group>"; };
		6356132523802E7900F73F3D /* HomeViewController.swift */ = {isa = PBXFileReference; lastKnownFileType = sourcecode.swift; path = HomeViewController.swift; sourceTree = "<group>"; };
		6363E5782383F29900DDB52A /* icon.png */ = {isa = PBXFileReference; lastKnownFileType = image.png; path = icon.png; sourceTree = "<group>"; };
		63C9943F2382C60800B0E640 /* Utilities.swift */ = {isa = PBXFileReference; fileEncoding = 4; lastKnownFileType = sourcecode.swift; path = Utilities.swift; sourceTree = "<group>"; };
		63C994402382C60800B0E640 /* Constants.swift */ = {isa = PBXFileReference; fileEncoding = 4; lastKnownFileType = sourcecode.swift; path = Constants.swift; sourceTree = "<group>"; };
		63C994442382CE3A00B0E640 /* GoogleService-Info.plist */ = {isa = PBXFileReference; fileEncoding = 4; lastKnownFileType = text.plist.xml; path = "GoogleService-Info.plist"; sourceTree = "<group>"; };
		63CB2BA32396908D00AC11FF /* AddTaskViewController.swift */ = {isa = PBXFileReference; lastKnownFileType = sourcecode.swift; path = AddTaskViewController.swift; sourceTree = "<group>"; };
		B49E5F1AAE0AD005F6F08BFF /* Pods-LoginDemo.debug.xcconfig */ = {isa = PBXFileReference; includeInIndex = 1; lastKnownFileType = text.xcconfig; name = "Pods-LoginDemo.debug.xcconfig"; path = "Target Support Files/Pods-LoginDemo/Pods-LoginDemo.debug.xcconfig"; sourceTree = "<group>"; };
/* End PBXFileReference section */

/* Begin PBXFrameworksBuildPhase section */
		6356130923802D7E00F73F3D /* Frameworks */ = {
			isa = PBXFrameworksBuildPhase;
			buildActionMask = 2147483647;
			files = (
				C31BF4A4A88027C6CE043D26 /* Pods_LoginDemo.framework in Frameworks */,
			);
			runOnlyForDeploymentPostprocessing = 0;
		};
/* End PBXFrameworksBuildPhase section */

/* Begin PBXGroup section */
		09BD04E1EE851A86FC3783C2 /* Frameworks */ = {
			isa = PBXGroup;
			children = (
				57C96F61990C510A6352595E /* Pods_LoginDemo.framework */,
			);
			name = Frameworks;
			sourceTree = "<group>";
		};
		6356130323802D7E00F73F3D = {
			isa = PBXGroup;
			children = (
				6356130E23802D7E00F73F3D /* LoginDemo */,
				9012CCCEC3E6A19892E04455 /* Pods */,
				09BD04E1EE851A86FC3783C2 /* Frameworks */,
			);
			sourceTree = "<group>";
		};
		6356130D23802D7E00F73F3D /* Products */ = {
			isa = PBXGroup;
			children = (
				6356130C23802D7E00F73F3D /* LoginDemo.app */,
			);
			name = Products;
			path = ..;
			sourceTree = "<group>";
		};
		6356130E23802D7E00F73F3D /* LoginDemo */ = {
			isa = PBXGroup;
			children = (
				6363E5772383F27E00DDB52A /* images */,
				63C994432382C67D00B0E640 /* helper */,
				6356132723802E8A00F73F3D /* ViewController */,
				6356130F23802D7E00F73F3D /* AppDelegate.swift */,
				6356131123802D7E00F73F3D /* ViewController.swift */,
				6356131323802D7E00F73F3D /* Main.storyboard */,
				6356131623802D8000F73F3D /* Assets.xcassets */,
				6356131823802D8000F73F3D /* LaunchScreen.storyboard */,
				6356131B23802D8000F73F3D /* Info.plist */,
				63C994442382CE3A00B0E640 /* GoogleService-Info.plist */,
				6356130D23802D7E00F73F3D /* Products */,
			);
			path = LoginDemo;
			sourceTree = "<group>";
		};
		6356132723802E8A00F73F3D /* ViewController */ = {
			isa = PBXGroup;
			children = (
				6170A9ED23A3947B00D0C9D9 /* toNextViewController.swift */,
				6356132123802E0000F73F3D /* SignUpViewController.swift */,
				6356132323802E6D00F73F3D /* LoginViewController.swift */,
				6356132523802E7900F73F3D /* HomeViewController.swift */,
				63CB2BA32396908D00AC11FF /* AddTaskViewController.swift */,
			);
			path = ViewController;
			sourceTree = "<group>";
		};
		6363E5772383F27E00DDB52A /* images */ = {
			isa = PBXGroup;
			children = (
				6363E5782383F29900DDB52A /* icon.png */,
			);
			path = images;
			sourceTree = "<group>";
		};
		63C994432382C67D00B0E640 /* helper */ = {
			isa = PBXGroup;
			children = (
				63C994402382C60800B0E640 /* Constants.swift */,
				63C9943F2382C60800B0E640 /* Utilities.swift */,
			);
			path = helper;
			sourceTree = "<group>";
		};
		9012CCCEC3E6A19892E04455 /* Pods */ = {
			isa = PBXGroup;
			children = (
				B49E5F1AAE0AD005F6F08BFF /* Pods-LoginDemo.debug.xcconfig */,
				32D88619B524F07608BFFD9C /* Pods-LoginDemo.release.xcconfig */,
			);
			path = Pods;
			sourceTree = "<group>";
		};
/* End PBXGroup section */

/* Begin PBXNativeTarget section */
		6356130B23802D7E00F73F3D /* LoginDemo */ = {
			isa = PBXNativeTarget;
			buildConfigurationList = 6356131E23802D8000F73F3D /* Build configuration list for PBXNativeTarget "LoginDemo" */;
			buildPhases = (
				972F1835437DF4F498B628A9 /* [CP] Check Pods Manifest.lock */,
				6356130823802D7E00F73F3D /* Sources */,
				6356130923802D7E00F73F3D /* Frameworks */,
				6356130A23802D7E00F73F3D /* Resources */,
				424C881DABD0503BEFF775F2 /* [CP] Embed Pods Frameworks */,
			);
			buildRules = (
			);
			dependencies = (
			);
			name = LoginDemo;
			productName = LoginDemo;
			productReference = 6356130C23802D7E00F73F3D /* LoginDemo.app */;
			productType = "com.apple.product-type.application";
		};
/* End PBXNativeTarget section */

/* Begin PBXProject section */
		6356130423802D7E00F73F3D /* Project object */ = {
			isa = PBXProject;
			attributes = {
				LastSwiftUpdateCheck = 1030;
				LastUpgradeCheck = 1030;
				ORGANIZATIONNAME = "本間ののか";
				TargetAttributes = {
					6356130B23802D7E00F73F3D = {
						CreatedOnToolsVersion = 10.3;
					};
				};
			};
			buildConfigurationList = 6356130723802D7E00F73F3D /* Build configuration list for PBXProject "LoginDemo" */;
			compatibilityVersion = "Xcode 9.3";
			developmentRegion = en;
			hasScannedForEncodings = 0;
			knownRegions = (
				en,
				Base,
			);
			mainGroup = 6356130323802D7E00F73F3D;
			productRefGroup = 6356130D23802D7E00F73F3D /* Products */;
			projectDirPath = "";
			projectRoot = "";
			targets = (
				6356130B23802D7E00F73F3D /* LoginDemo */,
			);
		};
/* End PBXProject section */

/* Begin PBXResourcesBuildPhase section */
		6356130A23802D7E00F73F3D /* Resources */ = {
			isa = PBXResourcesBuildPhase;
			buildActionMask = 2147483647;
			files = (
				6356131A23802D8000F73F3D /* LaunchScreen.storyboard in Resources */,
				6363E5792383F29900DDB52A /* icon.png in Resources */,
				63C994452382CE3B00B0E640 /* GoogleService-Info.plist in Resources */,
				6356131723802D8000F73F3D /* Assets.xcassets in Resources */,
				6356131523802D7E00F73F3D /* Main.storyboard in Resources */,
			);
			runOnlyForDeploymentPostprocessing = 0;
		};
/* End PBXResourcesBuildPhase section */

/* Begin PBXShellScriptBuildPhase section */
		424C881DABD0503BEFF775F2 /* [CP] Embed Pods Frameworks */ = {
			isa = PBXShellScriptBuildPhase;
			buildActionMask = 2147483647;
			files = (
			);
			inputFileListPaths = (
				"${PODS_ROOT}/Target Support Files/Pods-LoginDemo/Pods-LoginDemo-frameworks-${CONFIGURATION}-input-files.xcfilelist",
			);
			name = "[CP] Embed Pods Frameworks";
			outputFileListPaths = (
				"${PODS_ROOT}/Target Support Files/Pods-LoginDemo/Pods-LoginDemo-frameworks-${CONFIGURATION}-output-files.xcfilelist",
			);
			runOnlyForDeploymentPostprocessing = 0;
			shellPath = /bin/sh;
			shellScript = "\"${PODS_ROOT}/Target Support Files/Pods-LoginDemo/Pods-LoginDemo-frameworks.sh\"\n";
			showEnvVarsInLog = 0;
		};
		972F1835437DF4F498B628A9 /* [CP] Check Pods Manifest.lock */ = {
			isa = PBXShellScriptBuildPhase;
			buildActionMask = 2147483647;
			files = (
			);
			inputFileListPaths = (
			);
			inputPaths = (
				"${PODS_PODFILE_DIR_PATH}/Podfile.lock",
				"${PODS_ROOT}/Manifest.lock",
			);
			name = "[CP] Check Pods Manifest.lock";
			outputFileListPaths = (
			);
			outputPaths = (
				"$(DERIVED_FILE_DIR)/Pods-LoginDemo-checkManifestLockResult.txt",
			);
			runOnlyForDeploymentPostprocessing = 0;
			shellPath = /bin/sh;
			shellScript = "diff \"${PODS_PODFILE_DIR_PATH}/Podfile.lock\" \"${PODS_ROOT}/Manifest.lock\" > /dev/null\nif [ $? != 0 ] ; then\n    # print error to STDERR\n    echo \"error: The sandbox is not in sync with the Podfile.lock. Run 'pod install' or update your CocoaPods installation.\" >&2\n    exit 1\nfi\n# This output is used by Xcode 'outputs' to avoid re-running this script phase.\necho \"SUCCESS\" > \"${SCRIPT_OUTPUT_FILE_0}\"\n";
			showEnvVarsInLog = 0;
		};
/* End PBXShellScriptBuildPhase section */

/* Begin PBXSourcesBuildPhase section */
		6356130823802D7E00F73F3D /* Sources */ = {
			isa = PBXSourcesBuildPhase;
			buildActionMask = 2147483647;
			files = (
				63C994412382C60800B0E640 /* Utilities.swift in Sources */,
				63CB2BA42396908D00AC11FF /* AddTaskViewController.swift in Sources */,
				6356132623802E7900F73F3D /* HomeViewController.swift in Sources */,
				6356132423802E6D00F73F3D /* LoginViewController.swift in Sources */,
				6170A9EE23A3947B00D0C9D9 /* toNextViewController.swift in Sources */,
				6356132223802E0000F73F3D /* SignUpViewController.swift in Sources */,
				63C994422382C60800B0E640 /* Constants.swift in Sources */,
				6356131223802D7E00F73F3D /* ViewController.swift in Sources */,
				6356131023802D7E00F73F3D /* AppDelegate.swift in Sources */,
			);
			runOnlyForDeploymentPostprocessing = 0;
		};
/* End PBXSourcesBuildPhase section */

/* Begin PBXVariantGroup section */
		6356131323802D7E00F73F3D /* Main.storyboard */ = {
			isa = PBXVariantGroup;
			children = (
				6356131423802D7E00F73F3D /* Base */,
			);
			name = Main.storyboard;
			sourceTree = "<group>";
		};
		6356131823802D8000F73F3D /* LaunchScreen.storyboard */ = {
			isa = PBXVariantGroup;
			children = (
				6356131923802D8000F73F3D /* Base */,
			);
			name = LaunchScreen.storyboard;
			sourceTree = "<group>";
		};
/* End PBXVariantGroup section */

/* Begin XCBuildConfiguration section */
		6356131C23802D8000F73F3D /* Debug */ = {
			isa = XCBuildConfiguration;
			buildSettings = {
				ALWAYS_SEARCH_USER_PATHS = NO;
				CLANG_ANALYZER_NONNULL = YES;
				CLANG_ANALYZER_NUMBER_OBJECT_CONVERSION = YES_AGGRESSIVE;
				CLANG_CXX_LANGUAGE_STANDARD = "gnu++14";
				CLANG_CXX_LIBRARY = "libc++";
				CLANG_ENABLE_MODULES = YES;
				CLANG_ENABLE_OBJC_ARC = YES;
				CLANG_ENABLE_OBJC_WEAK = YES;
				CLANG_WARN_BLOCK_CAPTURE_AUTORELEASING = YES;
				CLANG_WARN_BOOL_CONVERSION = YES;
				CLANG_WARN_COMMA = YES;
				CLANG_WARN_CONSTANT_CONVERSION = YES;
				CLANG_WARN_DEPRECATED_OBJC_IMPLEMENTATIONS = YES;
				CLANG_WARN_DIRECT_OBJC_ISA_USAGE = YES_ERROR;
				CLANG_WARN_DOCUMENTATION_COMMENTS = YES;
				CLANG_WARN_EMPTY_BODY = YES;
				CLANG_WARN_ENUM_CONVERSION = YES;
				CLANG_WARN_INFINITE_RECURSION = YES;
				CLANG_WARN_INT_CONVERSION = YES;
				CLANG_WARN_NON_LITERAL_NULL_CONVERSION = YES;
				CLANG_WARN_OBJC_IMPLICIT_RETAIN_SELF = YES;
				CLANG_WARN_OBJC_LITERAL_CONVERSION = YES;
				CLANG_WARN_OBJC_ROOT_CLASS = YES_ERROR;
				CLANG_WARN_RANGE_LOOP_ANALYSIS = YES;
				CLANG_WARN_STRICT_PROTOTYPES = YES;
				CLANG_WARN_SUSPICIOUS_MOVE = YES;
				CLANG_WARN_UNGUARDED_AVAILABILITY = YES_AGGRESSIVE;
				CLANG_WARN_UNREACHABLE_CODE = YES;
				CLANG_WARN__DUPLICATE_METHOD_MATCH = YES;
				CODE_SIGN_IDENTITY = "iPhone Developer";
				COPY_PHASE_STRIP = NO;
				DEBUG_INFORMATION_FORMAT = dwarf;
				ENABLE_STRICT_OBJC_MSGSEND = YES;
				ENABLE_TESTABILITY = YES;
				GCC_C_LANGUAGE_STANDARD = gnu11;
				GCC_DYNAMIC_NO_PIC = NO;
				GCC_NO_COMMON_BLOCKS = YES;
				GCC_OPTIMIZATION_LEVEL = 0;
				GCC_PREPROCESSOR_DEFINITIONS = (
					"DEBUG=1",
					"$(inherited)",
				);
				GCC_WARN_64_TO_32_BIT_CONVERSION = YES;
				GCC_WARN_ABOUT_RETURN_TYPE = YES_ERROR;
				GCC_WARN_UNDECLARED_SELECTOR = YES;
				GCC_WARN_UNINITIALIZED_AUTOS = YES_AGGRESSIVE;
				GCC_WARN_UNUSED_FUNCTION = YES;
				GCC_WARN_UNUSED_VARIABLE = YES;
				IPHONEOS_DEPLOYMENT_TARGET = 12.4;
				MTL_ENABLE_DEBUG_INFO = INCLUDE_SOURCE;
				MTL_FAST_MATH = YES;
				ONLY_ACTIVE_ARCH = YES;
				SDKROOT = iphoneos;
				SWIFT_ACTIVE_COMPILATION_CONDITIONS = DEBUG;
				SWIFT_OPTIMIZATION_LEVEL = "-Onone";
			};
			name = Debug;
		};
		6356131D23802D8000F73F3D /* Release */ = {
			isa = XCBuildConfiguration;
			buildSettings = {
				ALWAYS_SEARCH_USER_PATHS = NO;
				CLANG_ANALYZER_NONNULL = YES;
				CLANG_ANALYZER_NUMBER_OBJECT_CONVERSION = YES_AGGRESSIVE;
				CLANG_CXX_LANGUAGE_STANDARD = "gnu++14";
				CLANG_CXX_LIBRARY = "libc++";
				CLANG_ENABLE_MODULES = YES;
				CLANG_ENABLE_OBJC_ARC = YES;
				CLANG_ENABLE_OBJC_WEAK = YES;
				CLANG_WARN_BLOCK_CAPTURE_AUTORELEASING = YES;
				CLANG_WARN_BOOL_CONVERSION = YES;
				CLANG_WARN_COMMA = YES;
				CLANG_WARN_CONSTANT_CONVERSION = YES;
				CLANG_WARN_DEPRECATED_OBJC_IMPLEMENTATIONS = YES;
				CLANG_WARN_DIRECT_OBJC_ISA_USAGE = YES_ERROR;
				CLANG_WARN_DOCUMENTATION_COMMENTS = YES;
				CLANG_WARN_EMPTY_BODY = YES;
				CLANG_WARN_ENUM_CONVERSION = YES;
				CLANG_WARN_INFINITE_RECURSION = YES;
				CLANG_WARN_INT_CONVERSION = YES;
				CLANG_WARN_NON_LITERAL_NULL_CONVERSION = YES;
				CLANG_WARN_OBJC_IMPLICIT_RETAIN_SELF = YES;
				CLANG_WARN_OBJC_LITERAL_CONVERSION = YES;
				CLANG_WARN_OBJC_ROOT_CLASS = YES_ERROR;
				CLANG_WARN_RANGE_LOOP_ANALYSIS = YES;
				CLANG_WARN_STRICT_PROTOTYPES = YES;
				CLANG_WARN_SUSPICIOUS_MOVE = YES;
				CLANG_WARN_UNGUARDED_AVAILABILITY = YES_AGGRESSIVE;
				CLANG_WARN_UNREACHABLE_CODE = YES;
				CLANG_WARN__DUPLICATE_METHOD_MATCH = YES;
				CODE_SIGN_IDENTITY = "iPhone Developer";
				COPY_PHASE_STRIP = NO;
				DEBUG_INFORMATION_FORMAT = "dwarf-with-dsym";
				ENABLE_NS_ASSERTIONS = NO;
				ENABLE_STRICT_OBJC_MSGSEND = YES;
				GCC_C_LANGUAGE_STANDARD = gnu11;
				GCC_NO_COMMON_BLOCKS = YES;
				GCC_WARN_64_TO_32_BIT_CONVERSION = YES;
				GCC_WARN_ABOUT_RETURN_TYPE = YES_ERROR;
				GCC_WARN_UNDECLARED_SELECTOR = YES;
				GCC_WARN_UNINITIALIZED_AUTOS = YES_AGGRESSIVE;
				GCC_WARN_UNUSED_FUNCTION = YES;
				GCC_WARN_UNUSED_VARIABLE = YES;
				IPHONEOS_DEPLOYMENT_TARGET = 12.4;
				MTL_ENABLE_DEBUG_INFO = NO;
				MTL_FAST_MATH = YES;
				SDKROOT = iphoneos;
				SWIFT_COMPILATION_MODE = wholemodule;
				SWIFT_OPTIMIZATION_LEVEL = "-O";
				VALIDATE_PRODUCT = YES;
			};
			name = Release;
		};
		6356131F23802D8000F73F3D /* Debug */ = {
			isa = XCBuildConfiguration;
			baseConfigurationReference = B49E5F1AAE0AD005F6F08BFF /* Pods-LoginDemo.debug.xcconfig */;
			buildSettings = {
				ASSETCATALOG_COMPILER_APPICON_NAME = AppIcon;
				CODE_SIGN_STYLE = Automatic;
				DEVELOPMENT_TEAM = 6L2V492748;
				INFOPLIST_FILE = LoginDemo/Info.plist;
				LD_RUNPATH_SEARCH_PATHS = (
					"$(inherited)",
					"@executable_path/Frameworks",
				);
				PRODUCT_BUNDLE_IDENTIFIER = "jp.ac.u-ryukyu-e185730.LoginDemo";
				PRODUCT_NAME = "$(TARGET_NAME)";
				SWIFT_VERSION = 5.0;
				TARGETED_DEVICE_FAMILY = "1,2";
			};
			name = Debug;
		};
		6356132023802D8000F73F3D /* Release */ = {
			isa = XCBuildConfiguration;
			baseConfigurationReference = 32D88619B524F07608BFFD9C /* Pods-LoginDemo.release.xcconfig */;
			buildSettings = {
				ASSETCATALOG_COMPILER_APPICON_NAME = AppIcon;
				CODE_SIGN_STYLE = Automatic;
				DEVELOPMENT_TEAM = 6L2V492748;
				INFOPLIST_FILE = LoginDemo/Info.plist;
				LD_RUNPATH_SEARCH_PATHS = (
					"$(inherited)",
					"@executable_path/Frameworks",
				);
				PRODUCT_BUNDLE_IDENTIFIER = "jp.ac.u-ryukyu-e185730.LoginDemo";
				PRODUCT_NAME = "$(TARGET_NAME)";
				SWIFT_VERSION = 5.0;
				TARGETED_DEVICE_FAMILY = "1,2";
			};
			name = Release;
		};
/* End XCBuildConfiguration section */

/* Begin XCConfigurationList section */
		6356130723802D7E00F73F3D /* Build configuration list for PBXProject "LoginDemo" */ = {
			isa = XCConfigurationList;
			buildConfigurations = (
				6356131C23802D8000F73F3D /* Debug */,
				6356131D23802D8000F73F3D /* Release */,
			);
			defaultConfigurationIsVisible = 0;
			defaultConfigurationName = Release;
		};
		6356131E23802D8000F73F3D /* Build configuration list for PBXNativeTarget "LoginDemo" */ = {
			isa = XCConfigurationList;
			buildConfigurations = (
				6356131F23802D8000F73F3D /* Debug */,
				6356132023802D8000F73F3D /* Release */,
			);
			defaultConfigurationIsVisible = 0;
			defaultConfigurationName = Release;
		};
/* End XCConfigurationList section */
	};
	rootObject = 6356130423802D7E00F73F3D /* Project object */;
}
